
Microsoft Visual Studio Solution File, Format Version 12.00
# Visual Studio Version 16
VisualStudioVersion = 16.0.33130.400
MinimumVisualStudioVersion = 10.0.40219.1
Project("{FAE04EC0-301F-11D3-BF4B-00C04F79EFBC}") = "ConsoleApp1", "ConsoleApp1\ConsoleApp1.csproj", "{6CB2E920-4F0B-47E6-A235-C3FCB31356A5}"
EndProject
Global
	GlobalSection(SolutionConfigurationPlatforms) = preSolution
		Debug|Any CPU = Debug|Any CPU
		Release|Any CPU = Release|Any CPU
	EndGlobalSection
	GlobalSection(ProjectConfigurationPlatforms) = postSolution
		{6CB2E920-4F0B-47E6-A235-C3FCB31356A5}.Debug|Any CPU.ActiveCfg = Debug|Any CPU
		{6CB2E920-4F0B-47E6-A235-C3FCB31356A5}.Debug|Any CPU.Build.0 = Debug|Any CPU
		{6CB2E920-4F0B-47E6-A235-C3FCB31356A5}.Release|Any CPU.ActiveCfg = Release|Any CPU
		{6CB2E920-4F0B-47E6-A235-C3FCB31356A5}.Release|Any CPU.Build.0 = Release|Any CPU
	EndGlobalSection
	GlobalSection(SolutionProperties) = preSolution
		HideSolutionNode = FALSE
	EndGlobalSection
	GlobalSection(ExtensibilityGlobals) = postSolution
		SolutionGuid = {A04564E2-1C1B-45B6-8BB8-D442A5541395}
	EndGlobalSection
EndGlobal
